
Microsoft Visual Studio Solution File, Format Version 12.00
# Visual Studio Version 16
VisualStudioVersion = 16.0.30011.22
MinimumVisualStudioVersion = 10.0.40219.1
Project("{FAE04EC0-301F-11D3-BF4B-00C04F79EFBC}") = "CallCalc.UWP", "CallCalc.UWP\CallCalc.UWP.csproj", "{0F1FAC98-5CC3-458E-A2BC-8169EEE666E9}"
EndProject
Project("{FAE04EC0-301F-11D3-BF4B-00C04F79EFBC}") = "CallCalc.Android", "CallCalc.Android\CallCalc.Android.csproj", "{33AC8BE7-4A0F-4923-89B0-048B9D36858F}"
EndProject
Project("{FAE04EC0-301F-11D3-BF4B-00C04F79EFBC}") = "CallCalc.iOS", "CallCalc.iOS\CallCalc.iOS.csproj", "{1C67EB75-71C5-43F2-ADCB-C3D69EBBA30B}"
EndProject
Project("{FAE04EC0-301F-11D3-BF4B-00C04F79EFBC}") = "CallCalc", "CallCalc\CallCalc.csproj", "{B30C3181-08DF-4A64-AE35-B5A8AA652D23}"
EndProject
Global
	GlobalSection(SolutionConfigurationPlatforms) = preSolution
		Debug|Any CPU = Debug|Any CPU
		Debug|ARM = Debug|ARM
		Debug|iPhone = Debug|iPhone
		Debug|iPhoneSimulator = Debug|iPhoneSimulator
		Debug|x64 = Debug|x64
		Debug|x86 = Debug|x86
		Release|Any CPU = Release|Any CPU
		Release|ARM = Release|ARM
		Release|iPhone = Release|iPhone
		Release|iPhoneSimulator = Release|iPhoneSimulator
		Release|x64 = Release|x64
		Release|x86 = Release|x86
	EndGlobalSection
	GlobalSection(ProjectConfigurationPlatforms) = postSolution
		{0F1FAC98-5CC3-458E-A2BC-8169EEE666E9}.Debug|Any CPU.ActiveCfg = Debug|x86
		{0F1FAC98-5CC3-458E-A2BC-8169EEE666E9}.Debug|Any CPU.Build.0 = Debug|x86
		{0F1FAC98-5CC3-458E-A2BC-8169EEE666E9}.Debug|Any CPU.Deploy.0 = Debug|x86
		{0F1FAC98-5CC3-458E-A2BC-8169EEE666E9}.Debug|ARM.ActiveCfg = Debug|ARM
		{0F1FAC98-5CC3-458E-A2BC-8169EEE666E9}.Debug|ARM.Build.0 = Debug|ARM
		{0F1FAC98-5CC3-458E-A2BC-8169EEE666E9}.Debug|ARM.Deploy.0 = Debug|ARM
		{0F1FAC98-5CC3-458E-A2BC-8169EEE666E9}.Debug|iPhone.ActiveCfg = Debug|x86
		{0F1FAC98-5CC3-458E-A2BC-8169EEE666E9}.Debug|iPhone.Build.0 = Debug|x86
		{0F1FAC98-5CC3-458E-A2BC-8169EEE666E9}.Debug|iPhone.Deploy.0 = Debug|x86
		{0F1FAC98-5CC3-458E-A2BC-8169EEE666E9}.Debug|iPhoneSimulator.ActiveCfg = Debug|x86
		{0F1FAC98-5CC3-458E-A2BC-8169EEE666E9}.Debug|iPhoneSimulator.Build.0 = Debug|x86
		{0F1FAC98-5CC3-458E-A2BC-8169EEE666E9}.Debug|iPhoneSimulator.Deploy.0 = Debug|x86
		{0F1FAC98-5CC3-458E-A2BC-8169EEE666E9}.Debug|x64.ActiveCfg = Debug|x64
		{0F1FAC98-5CC3-458E-A2BC-8169EEE666E9}.Debug|x64.Build.0 = Debug|x64
		{0F1FAC98-5CC3-458E-A2BC-8169EEE666E9}.Debug|x64.Deploy.0 = Debug|x64
		{0F1FAC98-5CC3-458E-A2BC-8169EEE666E9}.Debug|x86.ActiveCfg = Debug|x86
		{0F1FAC98-5CC3-458E-A2BC-8169EEE666E9}.Debug|x86.Build.0 = Debug|x86
		{0F1FAC98-5CC3-458E-A2BC-8169EEE666E9}.Debug|x86.Deploy.0 = Debug|x86
		{0F1FAC98-5CC3-458E-A2BC-8169EEE666E9}.Release|Any CPU.ActiveCfg = Release|x86
		{0F1FAC98-5CC3-458E-A2BC-8169EEE666E9}.Release|Any CPU.Build.0 = Release|x86
		{0F1FAC98-5CC3-458E-A2BC-8169EEE666E9}.Release|Any CPU.Deploy.0 = Release|x86
		{0F1FAC98-5CC3-458E-A2BC-8169EEE666E9}.Release|ARM.ActiveCfg = Release|ARM
		{0F1FAC98-5CC3-458E-A2BC-8169EEE666E9}.Release|ARM.Build.0 = Release|ARM
		{0F1FAC98-5CC3-458E-A2BC-8169EEE666E9}.Release|ARM.Deploy.0 = Release|ARM
		{0F1FAC98-5CC3-458E-A2BC-8169EEE666E9}.Release|iPhone.ActiveCfg = Release|x86
		{0F1FAC98-5CC3-458E-A2BC-8169EEE666E9}.Release|iPhone.Build.0 = Release|x86
		{0F1FAC98-5CC3-458E-A2BC-8169EEE666E9}.Release|iPhone.Deploy.0 = Release|x86
		{0F1FAC98-5CC3-458E-A2BC-8169EEE666E9}.Release|iPhoneSimulator.ActiveCfg = Release|x86
		{0F1FAC98-5CC3-458E-A2BC-8169EEE666E9}.Release|iPhoneSimulator.Build.0 = Release|x86
		{0F1FAC98-5CC3-458E-A2BC-8169EEE666E9}.Release|iPhoneSimulator.Deploy.0 = Release|x86
		{0F1FAC98-5CC3-458E-A2BC-8169EEE666E9}.Release|x64.ActiveCfg = Release|x64
		{0F1FAC98-5CC3-458E-A2BC-8169EEE666E9}.Release|x64.Build.0 = Release|x64
		{0F1FAC98-5CC3-458E-A2BC-8169EEE666E9}.Release|x64.Deploy.0 = Release|x64
		{0F1FAC98-5CC3-458E-A2BC-8169EEE666E9}.Release|x86.ActiveCfg = Release|x86
		{0F1FAC98-5CC3-458E-A2BC-8169EEE666E9}.Release|x86.Build.0 = Release|x86
		{0F1FAC98-5CC3-458E-A2BC-8169EEE666E9}.Release|x86.Deploy.0 = Release|x86
		{33AC8BE7-4A0F-4923-89B0-048B9D36858F}.Debug|Any CPU.ActiveCfg = Debug|Any CPU
		{33AC8BE7-4A0F-4923-89B0-048B9D36858F}.Debug|Any CPU.Build.0 = Debug|Any CPU
		{33AC8BE7-4A0F-4923-89B0-048B9D36858F}.Debug|Any CPU.Deploy.0 = Debug|Any CPU
		{33AC8BE7-4A0F-4923-89B0-048B9D36858F}.Debug|ARM.ActiveCfg = Debug|Any CPU
		{33AC8BE7-4A0F-4923-89B0-048B9D36858F}.Debug|ARM.Build.0 = Debug|Any CPU
		{33AC8BE7-4A0F-4923-89B0-048B9D36858F}.Debug|ARM.Deploy.0 = Debug|Any CPU
		{33AC8BE7-4A0F-4923-89B0-048B9D36858F}.Debug|iPhone.ActiveCfg = Debug|Any CPU
		{33AC8BE7-4A0F-4923-89B0-048B9D36858F}.Debug|iPhone.Build.0 = Debug|Any CPU
		{33AC8BE7-4A0F-4923-89B0-048B9D36858F}.Debug|iPhone.Deploy.0 = Debug|Any CPU
		{33AC8BE7-4A0F-4923-89B0-048B9D36858F}.Debug|iPhoneSimulator.ActiveCfg = Debug|Any CPU
		{33AC8BE7-4A0F-4923-89B0-048B9D36858F}.Debug|iPhoneSimulator.Build.0 = Debug|Any CPU
		{33AC8BE7-4A0F-4923-89B0-048B9D36858F}.Debug|iPhoneSimulator.Deploy.0 = Debug|Any CPU
		{33AC8BE7-4A0F-4923-89B0-048B9D36858F}.Debug|x64.ActiveCfg = Debug|Any CPU
		{33AC8BE7-4A0F-4923-89B0-048B9D36858F}.Debug|x64.Build.0 = Debug|Any CPU
		{33AC8BE7-4A0F-4923-89B0-048B9D36858F}.Debug|x64.Deploy.0 = Debug|Any CPU
		{33AC8BE7-4A0F-4923-89B0-048B9D36858F}.Debug|x86.ActiveCfg = Debug|Any CPU
		{33AC8BE7-4A0F-4923-89B0-048B9D36858F}.Debug|x86.Build.0 = Debug|Any CPU
		{33AC8BE7-4A0F-4923-89B0-048B9D36858F}.Debug|x86.Deploy.0 = Debug|Any CPU
		{33AC8BE7-4A0F-4923-89B0-048B9D36858F}.Release|Any CPU.ActiveCfg = Release|Any CPU
		{33AC8BE7-4A0F-4923-89B0-048B9D36858F}.Release|Any CPU.Build.0 = Release|Any CPU
		{33AC8BE7-4A0F-4923-89B0-048B9D36858F}.Release|Any CPU.Deploy.0 = Release|Any CPU
		{33AC8BE7-4A0F-4923-89B0-048B9D36858F}.Release|ARM.ActiveCfg = Release|Any CPU
		{33AC8BE7-4A0F-4923-89B0-048B9D36858F}.Release|ARM.Build.0 = Release|Any CPU
		{33AC8BE7-4A0F-4923-89B0-048B9D36858F}.Release|ARM.Deploy.0 = Release|Any CPU
		{33AC8BE7-4A0F-4923-89B0-048B9D36858F}.Release|iPhone.ActiveCfg = Release|Any CPU
		{33AC8BE7-4A0F-4923-89B0-048B9D36858F}.Release|iPhone.Build.0 = Release|Any CPU
		{33AC8BE7-4A0F-4923-89B0-048B9D36858F}.Release|iPhone.Deploy.0 = Release|Any CPU
		{33AC8BE7-4A0F-4923-89B0-048B9D36858F}.Release|iPhoneSimulator.ActiveCfg = Release|Any CPU
		{33AC8BE7-4A0F-4923-89B0-048B9D36858F}.Release|iPhoneSimulator.Build.0 = Release|Any CPU
		{33AC8BE7-4A0F-4923-89B0-048B9D36858F}.Release|iPhoneSimulator.Deploy.0 = Release|Any CPU
		{33AC8BE7-4A0F-4923-89B0-048B9D36858F}.Release|x64.ActiveCfg = Release|Any CPU
		{33AC8BE7-4A0F-4923-89B0-048B9D36858F}.Release|x64.Build.0 = Release|Any CPU
		{33AC8BE7-4A0F-4923-89B0-048B9D36858F}.Release|x64.Deploy.0 = Release|Any CPU
		{33AC8BE7-4A0F-4923-89B0-048B9D36858F}.Release|x86.ActiveCfg = Release|Any CPU
		{33AC8BE7-4A0F-4923-89B0-048B9D36858F}.Release|x86.Build.0 = Release|Any CPU
		{33AC8BE7-4A0F-4923-89B0-048B9D36858F}.Release|x86.Deploy.0 = Release|Any CPU
		{1C67EB75-71C5-43F2-ADCB-C3D69EBBA30B}.Debug|Any CPU.ActiveCfg = Debug|iPhone
		{1C67EB75-71C5-43F2-ADCB-C3D69EBBA30B}.Debug|Any CPU.Build.0 = Debug|iPhone
		{1C67EB75-71C5-43F2-ADCB-C3D69EBBA30B}.Debug|Any CPU.Deploy.0 = Debug|iPhone
		{1C67EB75-71C5-43F2-ADCB-C3D69EBBA30B}.Debug|ARM.ActiveCfg = Debug|iPhone
		{1C67EB75-71C5-43F2-ADCB-C3D69EBBA30B}.Debug|ARM.Build.0 = Debug|iPhone
		{1C67EB75-71C5-43F2-ADCB-C3D69EBBA30B}.Debug|ARM.Deploy.0 = Debug|iPhone
		{1C67EB75-71C5-43F2-ADCB-C3D69EBBA30B}.Debug|iPhone.ActiveCfg = Debug|iPhone
		{1C67EB75-71C5-43F2-ADCB-C3D69EBBA30B}.Debug|iPhone.Build.0 = Debug|iPhone
		{1C67EB75-71C5-43F2-ADCB-C3D69EBBA30B}.Debug|iPhone.Deploy.0 = Debug|iPhone
		{1C67EB75-71C5-43F2-ADCB-C3D69EBBA30B}.Debug|iPhoneSimulator.ActiveCfg = Debug|iPhoneSimulator
		{1C67EB75-71C5-43F2-ADCB-C3D69EBBA30B}.Debug|iPhoneSimulator.Build.0 = Debug|iPhoneSimulator
		{1C67EB75-71C5-43F2-ADCB-C3D69EBBA30B}.Debug|iPhoneSimulator.Deploy.0 = Debug|iPhoneSimulator
		{1C67EB75-71C5-43F2-ADCB-C3D69EBBA30B}.Debug|x64.ActiveCfg = Debug|iPhone
		{1C67EB75-71C5-43F2-ADCB-C3D69EBBA30B}.Debug|x64.Build.0 = Debug|iPhone
		{1C67EB75-71C5-43F2-ADCB-C3D69EBBA30B}.Debug|x64.Deploy.0 = Debug|iPhone
		{1C67EB75-71C5-43F2-ADCB-C3D69EBBA30B}.Debug|x86.ActiveCfg = Debug|iPhone
		{1C67EB75-71C5-43F2-ADCB-C3D69EBBA30B}.Debug|x86.Build.0 = Debug|iPhone
		{1C67EB75-71C5-43F2-ADCB-C3D69EBBA30B}.Debug|x86.Deploy.0 = Debug|iPhone
		{1C67EB75-71C5-43F2-ADCB-C3D69EBBA30B}.Release|Any CPU.ActiveCfg = Release|iPhone
		{1C67EB75-71C5-43F2-ADCB-C3D69EBBA30B}.Release|Any CPU.Build.0 = Release|iPhone
		{1C67EB75-71C5-43F2-ADCB-C3D69EBBA30B}.Release|Any CPU.Deploy.0 = Release|iPhone
		{1C67EB75-71C5-43F2-ADCB-C3D69EBBA30B}.Release|ARM.ActiveCfg = Release|iPhone
		{1C67EB75-71C5-43F2-ADCB-C3D69EBBA30B}.Release|ARM.Build.0 = Release|iPhone
		{1C67EB75-71C5-43F2-ADCB-C3D69EBBA30B}.Release|ARM.Deploy.0 = Release|iPhone
		{1C67EB75-71C5-43F2-ADCB-C3D69EBBA30B}.Release|iPhone.ActiveCfg = Release|iPhone
		{1C67EB75-71C5-43F2-ADCB-C3D69EBBA30B}.Release|iPhone.Build.0 = Release|iPhone
		{1C67EB75-71C5-43F2-ADCB-C3D69EBBA30B}.Release|iPhone.Deploy.0 = Release|iPhone
		{1C67EB75-71C5-43F2-ADCB-C3D69EBBA30B}.Release|iPhoneSimulator.ActiveCfg = Release|iPhoneSimulator
		{1C67EB75-71C5-43F2-ADCB-C3D69EBBA30B}.Release|iPhoneSimulator.Build.0 = Release|iPhoneSimulator
		{1C67EB75-71C5-43F2-ADCB-C3D69EBBA30B}.Release|iPhoneSimulator.Deploy.0 = Release|iPhoneSimulator
		{1C67EB75-71C5-43F2-ADCB-C3D69EBBA30B}.Release|x64.ActiveCfg = Release|iPhone
		{1C67EB75-71C5-43F2-ADCB-C3D69EBBA30B}.Release|x64.Build.0 = Release|iPhone
		{1C67EB75-71C5-43F2-ADCB-C3D69EBBA30B}.Release|x64.Deploy.0 = Release|iPhone
		{1C67EB75-71C5-43F2-ADCB-C3D69EBBA30B}.Release|x86.ActiveCfg = Release|iPhone
		{1C67EB75-71C5-43F2-ADCB-C3D69EBBA30B}.Release|x86.Build.0 = Release|iPhone
		{1C67EB75-71C5-43F2-ADCB-C3D69EBBA30B}.Release|x86.Deploy.0 = Release|iPhone
		{B30C3181-08DF-4A64-AE35-B5A8AA652D23}.Debug|Any CPU.ActiveCfg = Debug|Any CPU
		{B30C3181-08DF-4A64-AE35-B5A8AA652D23}.Debug|Any CPU.Build.0 = Debug|Any CPU
		{B30C3181-08DF-4A64-AE35-B5A8AA652D23}.Debug|Any CPU.Deploy.0 = Debug|Any CPU
		{B30C3181-08DF-4A64-AE35-B5A8AA652D23}.Debug|ARM.ActiveCfg = Debug|Any CPU
		{B30C3181-08DF-4A64-AE35-B5A8AA652D23}.Debug|ARM.Build.0 = Debug|Any CPU
		{B30C3181-08DF-4A64-AE35-B5A8AA652D23}.Debug|ARM.Deploy.0 = Debug|Any CPU
		{B30C3181-08DF-4A64-AE35-B5A8AA652D23}.Debug|iPhone.ActiveCfg = Debug|Any CPU
		{B30C3181-08DF-4A64-AE35-B5A8AA652D23}.Debug|iPhone.Build.0 = Debug|Any CPU
		{B30C3181-08DF-4A64-AE35-B5A8AA652D23}.Debug|iPhone.Deploy.0 = Debug|Any CPU
		{B30C3181-08DF-4A64-AE35-B5A8AA652D23}.Debug|iPhoneSimulator.ActiveCfg = Debug|Any CPU
		{B30C3181-08DF-4A64-AE35-B5A8AA652D23}.Debug|iPhoneSimulator.Build.0 = Debug|Any CPU
		{B30C3181-08DF-4A64-AE35-B5A8AA652D23}.Debug|iPhoneSimulator.Deploy.0 = Debug|Any CPU
		{B30C3181-08DF-4A64-AE35-B5A8AA652D23}.Debug|x64.ActiveCfg = Debug|Any CPU
		{B30C3181-08DF-4A64-AE35-B5A8AA652D23}.Debug|x64.Build.0 = Debug|Any CPU
		{B30C3181-08DF-4A64-AE35-B5A8AA652D23}.Debug|x64.Deploy.0 = Debug|Any CPU
		{B30C3181-08DF-4A64-AE35-B5A8AA652D23}.Debug|x86.ActiveCfg = Debug|Any CPU
		{B30C3181-08DF-4A64-AE35-B5A8AA652D23}.Debug|x86.Build.0 = Debug|Any CPU
		{B30C3181-08DF-4A64-AE35-B5A8AA652D23}.Debug|x86.Deploy.0 = Debug|Any CPU
		{B30C3181-08DF-4A64-AE35-B5A8AA652D23}.Release|Any CPU.ActiveCfg = Release|Any CPU
		{B30C3181-08DF-4A64-AE35-B5A8AA652D23}.Release|Any CPU.Build.0 = Release|Any CPU
		{B30C3181-08DF-4A64-AE35-B5A8AA652D23}.Release|Any CPU.Deploy.0 = Release|Any CPU
		{B30C3181-08DF-4A64-AE35-B5A8AA652D23}.Release|ARM.ActiveCfg = Release|Any CPU
		{B30C3181-08DF-4A64-AE35-B5A8AA652D23}.Release|ARM.Build.0 = Release|Any CPU
		{B30C3181-08DF-4A64-AE35-B5A8AA652D23}.Release|ARM.Deploy.0 = Release|Any CPU
		{B30C3181-08DF-4A64-AE35-B5A8AA652D23}.Release|iPhone.ActiveCfg = Release|Any CPU
		{B30C3181-08DF-4A64-AE35-B5A8AA652D23}.Release|iPhone.Build.0 = Release|Any CPU
		{B30C3181-08DF-4A64-AE35-B5A8AA652D23}.Release|iPhone.Deploy.0 = Release|Any CPU
		{B30C3181-08DF-4A64-AE35-B5A8AA652D23}.Release|iPhoneSimulator.ActiveCfg = Release|Any CPU
		{B30C3181-08DF-4A64-AE35-B5A8AA652D23}.Release|iPhoneSimulator.Build.0 = Release|Any CPU
		{B30C3181-08DF-4A64-AE35-B5A8AA652D23}.Release|iPhoneSimulator.Deploy.0 = Release|Any CPU
		{B30C3181-08DF-4A64-AE35-B5A8AA652D23}.Release|x64.ActiveCfg = Release|Any CPU
		{B30C3181-08DF-4A64-AE35-B5A8AA652D23}.Release|x64.Build.0 = Release|Any CPU
		{B30C3181-08DF-4A64-AE35-B5A8AA652D23}.Release|x64.Deploy.0 = Release|Any CPU
		{B30C3181-08DF-4A64-AE35-B5A8AA652D23}.Release|x86.ActiveCfg = Release|Any CPU
		{B30C3181-08DF-4A64-AE35-B5A8AA652D23}.Release|x86.Build.0 = Release|Any CPU
		{B30C3181-08DF-4A64-AE35-B5A8AA652D23}.Release|x86.Deploy.0 = Release|Any CPU
	EndGlobalSection
	GlobalSection(SolutionProperties) = preSolution
		HideSolutionNode = FALSE
	EndGlobalSection
	GlobalSection(ExtensibilityGlobals) = postSolution
		SolutionGuid = {4136968E-5C3D-4C9C-BA34-754442D7FC39}
	EndGlobalSection
EndGlobal
